// !$*UTF8*$!
{
	archiveVersion = 1;
	classes = {
	};
	objectVersion = 46;
	objects = {

/* Begin PBXBuildFile section */
		4EBC6CDF87111525071BA2EC /* Pods_mvpSwift.framework in Frameworks */ = {isa = PBXBuildFile; fileRef = 327D7825C3E475F6359CA841 /* Pods_mvpSwift.framework */; };
		8E178C861CE5AB7F00E5C240 /* AppDelegate.swift in Sources */ = {isa = PBXBuildFile; fileRef = 8E178C851CE5AB7F00E5C240 /* AppDelegate.swift */; };
		8E178C881CE5AB7F00E5C240 /* LoginController.swift in Sources */ = {isa = PBXBuildFile; fileRef = 8E178C871CE5AB7F00E5C240 /* LoginController.swift */; };
		8E178C8B1CE5AB7F00E5C240 /* Main.storyboard in Resources */ = {isa = PBXBuildFile; fileRef = 8E178C891CE5AB7F00E5C240 /* Main.storyboard */; };
		8E178C8D1CE5AB7F00E5C240 /* Assets.xcassets in Resources */ = {isa = PBXBuildFile; fileRef = 8E178C8C1CE5AB7F00E5C240 /* Assets.xcassets */; };
		8E178C901CE5AB7F00E5C240 /* LaunchScreen.storyboard in Resources */ = {isa = PBXBuildFile; fileRef = 8E178C8E1CE5AB7F00E5C240 /* LaunchScreen.storyboard */; };
		8EEAFD461CEF415500B42848 /* LoginPresenter.swift in Sources */ = {isa = PBXBuildFile; fileRef = 8EEAFD451CEF415500B42848 /* LoginPresenter.swift */; };
		8EEAFD481CEF419A00B42848 /* LoginView.swift in Sources */ = {isa = PBXBuildFile; fileRef = 8EEAFD471CEF419A00B42848 /* LoginView.swift */; };
		8EEAFD4A1CEF429700B42848 /* LoginUseCase.swift in Sources */ = {isa = PBXBuildFile; fileRef = 8EEAFD491CEF429700B42848 /* LoginUseCase.swift */; };
		8EEAFD4C1CEF430600B42848 /* DataRepository.swift in Sources */ = {isa = PBXBuildFile; fileRef = 8EEAFD4B1CEF430600B42848 /* DataRepository.swift */; };
		8EEAFD4E1CEF435900B42848 /* CallbackLogin.swift in Sources */ = {isa = PBXBuildFile; fileRef = 8EEAFD4D1CEF435900B42848 /* CallbackLogin.swift */; };
		8EEAFD501CEF590B00B42848 /* User.swift in Sources */ = {isa = PBXBuildFile; fileRef = 8EEAFD4F1CEF590B00B42848 /* User.swift */; };
		8EEC7DD41CEFA75200CF5FDC /* RestManager.swift in Sources */ = {isa = PBXBuildFile; fileRef = 8EEC7DD31CEFA75200CF5FDC /* RestManager.swift */; };
		8EEC7DD61CEFA7D000CF5FDC /* RestConfig.swift in Sources */ = {isa = PBXBuildFile; fileRef = 8EEC7DD51CEFA7D000CF5FDC /* RestConfig.swift */; };
		8EEC7DD91CF05D6100CF5FDC /* FireBaseRepository.swift in Sources */ = {isa = PBXBuildFile; fileRef = 8EEC7DD81CF05D6100CF5FDC /* FireBaseRepository.swift */; };
		8EEC7DDC1CF05EC500CF5FDC /* IFireBaseRepository.swift in Sources */ = {isa = PBXBuildFile; fileRef = 8EEC7DDB1CF05EC500CF5FDC /* IFireBaseRepository.swift */; };
		8EEC7DDE1CF0618900CF5FDC /* GoogleService-Info.plist in Resources */ = {isa = PBXBuildFile; fileRef = 8EEC7DDD1CF0618900CF5FDC /* GoogleService-Info.plist */; };
		8EEC7DE01CF0682200CF5FDC /* Alamofire.framework in Frameworks */ = {isa = PBXBuildFile; fileRef = 8EEC7DDF1CF0682200CF5FDC /* Alamofire.framework */; };
		8EEC7DE31CF1AB2600CF5FDC /* String.swift in Sources */ = {isa = PBXBuildFile; fileRef = 8EEC7DE21CF1AB2600CF5FDC /* String.swift */; };
/* End PBXBuildFile section */

/* Begin PBXFileReference section */
		327D7825C3E475F6359CA841 /* Pods_mvpSwift.framework */ = {isa = PBXFileReference; explicitFileType = wrapper.framework; includeInIndex = 0; path = Pods_mvpSwift.framework; sourceTree = BUILT_PRODUCTS_DIR; };
		6B794FA8B9F9198A4D44C747 /* Pods-mvpSwift.debug.xcconfig */ = {isa = PBXFileReference; includeInIndex = 1; lastKnownFileType = text.xcconfig; name = "Pods-mvpSwift.debug.xcconfig"; path = "Pods/Target Support Files/Pods-mvpSwift/Pods-mvpSwift.debug.xcconfig"; sourceTree = "<group>"; };
		7480828E0E273510B5FD5486 /* Pods-mvpSwift.release.xcconfig */ = {isa = PBXFileReference; includeInIndex = 1; lastKnownFileType = text.xcconfig; name = "Pods-mvpSwift.release.xcconfig"; path = "Pods/Target Support Files/Pods-mvpSwift/Pods-mvpSwift.release.xcconfig"; sourceTree = "<group>"; };
		8E178C821CE5AB7F00E5C240 /* mvpSwift.app */ = {isa = PBXFileReference; explicitFileType = wrapper.application; includeInIndex = 0; path = mvpSwift.app; sourceTree = BUILT_PRODUCTS_DIR; };
		8E178C851CE5AB7F00E5C240 /* AppDelegate.swift */ = {isa = PBXFileReference; lastKnownFileType = sourcecode.swift; path = AppDelegate.swift; sourceTree = "<group>"; };
		8E178C871CE5AB7F00E5C240 /* LoginController.swift */ = {isa = PBXFileReference; lastKnownFileType = sourcecode.swift; path = LoginController.swift; sourceTree = "<group>"; };
		8E178C8A1CE5AB7F00E5C240 /* Base */ = {isa = PBXFileReference; lastKnownFileType = file.storyboard; name = Base; path = Base.lproj/Main.storyboard; sourceTree = "<group>"; };
		8E178C8C1CE5AB7F00E5C240 /* Assets.xcassets */ = {isa = PBXFileReference; lastKnownFileType = folder.assetcatalog; path = Assets.xcassets; sourceTree = "<group>"; };
		8E178C8F1CE5AB7F00E5C240 /* Base */ = {isa = PBXFileReference; lastKnownFileType = file.storyboard; name = Base; path = Base.lproj/LaunchScreen.storyboard; sourceTree = "<group>"; };
		8E178C911CE5AB7F00E5C240 /* Info.plist */ = {isa = PBXFileReference; lastKnownFileType = text.plist.xml; path = Info.plist; sourceTree = "<group>"; };
		8EEAFD451CEF415500B42848 /* LoginPresenter.swift */ = {isa = PBXFileReference; fileEncoding = 4; lastKnownFileType = sourcecode.swift; path = LoginPresenter.swift; sourceTree = "<group>"; };
		8EEAFD471CEF419A00B42848 /* LoginView.swift */ = {isa = PBXFileReference; fileEncoding = 4; lastKnownFileType = sourcecode.swift; path = LoginView.swift; sourceTree = "<group>"; };
		8EEAFD491CEF429700B42848 /* LoginUseCase.swift */ = {isa = PBXFileReference; fileEncoding = 4; lastKnownFileType = sourcecode.swift; path = LoginUseCase.swift; sourceTree = "<group>"; };
		8EEAFD4B1CEF430600B42848 /* DataRepository.swift */ = {isa = PBXFileReference; fileEncoding = 4; lastKnownFileType = sourcecode.swift; path = DataRepository.swift; sourceTree = "<group>"; };
		8EEAFD4D1CEF435900B42848 /* CallbackLogin.swift */ = {isa = PBXFileReference; fileEncoding = 4; lastKnownFileType = sourcecode.swift; path = CallbackLogin.swift; sourceTree = "<group>"; };
		8EEAFD4F1CEF590B00B42848 /* User.swift */ = {isa = PBXFileReference; fileEncoding = 4; lastKnownFileType = sourcecode.swift; path = User.swift; sourceTree = "<group>"; };
		8EEC7DD31CEFA75200CF5FDC /* RestManager.swift */ = {isa = PBXFileReference; fileEncoding = 4; lastKnownFileType = sourcecode.swift; name = RestManager.swift; path = ../../RestManager.swift; sourceTree = "<group>"; };
		8EEC7DD51CEFA7D000CF5FDC /* RestConfig.swift */ = {isa = PBXFileReference; fileEncoding = 4; lastKnownFileType = sourcecode.swift; name = RestConfig.swift; path = ../../RestConfig.swift; sourceTree = "<group>"; };
		8EEC7DD81CF05D6100CF5FDC /* FireBaseRepository.swift */ = {isa = PBXFileReference; fileEncoding = 4; lastKnownFileType = sourcecode.swift; path = FireBaseRepository.swift; sourceTree = "<group>"; };
		8EEC7DDB1CF05EC500CF5FDC /* IFireBaseRepository.swift */ = {isa = PBXFileReference; fileEncoding = 4; lastKnownFileType = sourcecode.swift; path = IFireBaseRepository.swift; sourceTree = "<group>"; };
		8EEC7DDD1CF0618900CF5FDC /* GoogleService-Info.plist */ = {isa = PBXFileReference; fileEncoding = 4; lastKnownFileType = text.plist.xml; name = "GoogleService-Info.plist"; path = "MVPSwift/GoogleService-Info.plist"; sourceTree = "<group>"; };
		8EEC7DDF1CF0682200CF5FDC /* Alamofire.framework */ = {isa = PBXFileReference; lastKnownFileType = wrapper.framework; name = Alamofire.framework; path = "../../../../../Library/Developer/Xcode/DerivedData/mvpSwift-cwzhbcqcrmgvggguedfuajruklyg/Build/Products/Debug-iphonesimulator/Alamofire/Alamofire.framework"; sourceTree = "<group>"; };
		8EEC7DE21CF1AB2600CF5FDC /* String.swift */ = {isa = PBXFileReference; fileEncoding = 4; lastKnownFileType = sourcecode.swift; path = String.swift; sourceTree = "<group>"; };
/* End PBXFileReference section */

/* Begin PBXFrameworksBuildPhase section */
		8E178C7F1CE5AB7F00E5C240 /* Frameworks */ = {
			isa = PBXFrameworksBuildPhase;
			buildActionMask = 2147483647;
			files = (
				8EEC7DE01CF0682200CF5FDC /* Alamofire.framework in Frameworks */,
				4EBC6CDF87111525071BA2EC /* Pods_mvpSwift.framework in Frameworks */,
			);
			runOnlyForDeploymentPostprocessing = 0;
		};
/* End PBXFrameworksBuildPhase section */

/* Begin PBXGroup section */
		72FAB9A84677BD60FDF302C7 /* Pods */ = {
			isa = PBXGroup;
			children = (
				6B794FA8B9F9198A4D44C747 /* Pods-mvpSwift.debug.xcconfig */,
				7480828E0E273510B5FD5486 /* Pods-mvpSwift.release.xcconfig */,
			);
			name = Pods;
			sourceTree = "<group>";
		};
		89A926E735624F26184DA4FA /* Frameworks */ = {
			isa = PBXGroup;
			children = (
				8EEC7DDF1CF0682200CF5FDC /* Alamofire.framework */,
				327D7825C3E475F6359CA841 /* Pods_mvpSwift.framework */,
			);
			name = Frameworks;
			sourceTree = "<group>";
		};
		8E178C791CE5AB7E00E5C240 = {
			isa = PBXGroup;
			children = (
				8EEC7DDD1CF0618900CF5FDC /* GoogleService-Info.plist */,
				8E178C841CE5AB7F00E5C240 /* MVPSwift */,
				8E178C831CE5AB7F00E5C240 /* Products */,
				72FAB9A84677BD60FDF302C7 /* Pods */,
				89A926E735624F26184DA4FA /* Frameworks */,
			);
			sourceTree = "<group>";
		};
		8E178C831CE5AB7F00E5C240 /* Products */ = {
			isa = PBXGroup;
			children = (
				8E178C821CE5AB7F00E5C240 /* mvpSwift.app */,
			);
			name = Products;
			sourceTree = "<group>";
		};
		8E178C841CE5AB7F00E5C240 /* MVPSwift */ = {
			isa = PBXGroup;
			children = (
				8E178C991CE5ABA200E5C240 /* Repository */,
				8E178C981CE5AB9400E5C240 /* Domain */,
				8E178C971CE5AB8E00E5C240 /* View */,
				8E178C851CE5AB7F00E5C240 /* AppDelegate.swift */,
				8E178C891CE5AB7F00E5C240 /* Main.storyboard */,
				8E178C8C1CE5AB7F00E5C240 /* Assets.xcassets */,
				8E178C8E1CE5AB7F00E5C240 /* LaunchScreen.storyboard */,
				8E178C911CE5AB7F00E5C240 /* Info.plist */,
			);
			path = MVPSwift;
			sourceTree = "<group>";
		};
		8E178C971CE5AB8E00E5C240 /* View */ = {
			isa = PBXGroup;
			children = (
				8EEC7DE11CF1AB0800CF5FDC /* utils */,
				8EEAFD511CEF5A4000B42848 /* controllers */,
				8EEAFD441CEF414100B42848 /* presenters */,
			);
			name = View;
			path = Views;
			sourceTree = "<group>";
		};
		8E178C981CE5AB9400E5C240 /* Domain */ = {
			isa = PBXGroup;
			children = (
				8EEAFD491CEF429700B42848 /* LoginUseCase.swift */,
				8EEAFD4D1CEF435900B42848 /* CallbackLogin.swift */,
			);
			path = Domain;
			sourceTree = "<group>";
		};
		8E178C991CE5ABA200E5C240 /* Repository */ = {
			isa = PBXGroup;
			children = (
				8EEC7DD21CEFA72F00CF5FDC /* Net */,
				8EEAFD521CEF5A6200B42848 /* Models */,
				8EEAFD4B1CEF430600B42848 /* DataRepository.swift */,
			);
			path = Repository;
			sourceTree = "<group>";
		};
		8EEAFD441CEF414100B42848 /* presenters */ = {
			isa = PBXGroup;
			children = (
				8EEAFD451CEF415500B42848 /* LoginPresenter.swift */,
			);
			name = presenters;
			path = Presenters;
			sourceTree = "<group>";
		};
		8EEAFD511CEF5A4000B42848 /* controllers */ = {
			isa = PBXGroup;
			children = (
				8E178C871CE5AB7F00E5C240 /* LoginController.swift */,
				8EEAFD471CEF419A00B42848 /* LoginView.swift */,
			);
			name = controllers;
			path = Controllers;
			sourceTree = "<group>";
		};
		8EEAFD521CEF5A6200B42848 /* Models */ = {
			isa = PBXGroup;
			children = (
				8EEAFD4F1CEF590B00B42848 /* User.swift */,
			);
			path = Models;
			sourceTree = "<group>";
		};
		8EEC7DD21CEFA72F00CF5FDC /* Net */ = {
			isa = PBXGroup;
			children = (
				8EEC7DDA1CF05E0A00CF5FDC /* Api */,
				8EEC7DD71CF05D3D00CF5FDC /* Firebase */,
			);
			name = Net;
			sourceTree = "<group>";
		};
		8EEC7DD71CF05D3D00CF5FDC /* Firebase */ = {
			isa = PBXGroup;
			children = (
				8EEC7DD81CF05D6100CF5FDC /* FireBaseRepository.swift */,
				8EEC7DDB1CF05EC500CF5FDC /* IFireBaseRepository.swift */,
			);
			name = Firebase;
			path = Net/Firebase;
			sourceTree = "<group>";
		};
		8EEC7DDA1CF05E0A00CF5FDC /* Api */ = {
			isa = PBXGroup;
			children = (
				8EEC7DD31CEFA75200CF5FDC /* RestManager.swift */,
				8EEC7DD51CEFA7D000CF5FDC /* RestConfig.swift */,
			);
			name = Api;
			path = Net/Api;
			sourceTree = "<group>";
		};
		8EEC7DE11CF1AB0800CF5FDC /* utils */ = {
			isa = PBXGroup;
			children = (
				8EEC7DE21CF1AB2600CF5FDC /* String.swift */,
			);
			path = utils;
			sourceTree = "<group>";
		};
/* End PBXGroup section */

/* Begin PBXNativeTarget section */
		8E178C811CE5AB7F00E5C240 /* mvpSwift */ = {
			isa = PBXNativeTarget;
			buildConfigurationList = 8E178C941CE5AB7F00E5C240 /* Build configuration list for PBXNativeTarget "mvpSwift" */;
			buildPhases = (
				A6218656EDA31860BEB2DEBD /* 📦 Check Pods Manifest.lock */,
				8E178C7E1CE5AB7F00E5C240 /* Sources */,
				8E178C7F1CE5AB7F00E5C240 /* Frameworks */,
				8E178C801CE5AB7F00E5C240 /* Resources */,
				ACF4441229634431E14E65FA /* 📦 Embed Pods Frameworks */,
				1BD7F15EBEC49F2B86BD8303 /* 📦 Copy Pods Resources */,
			);
			buildRules = (
			);
			dependencies = (
			);
			name = mvpSwift;
			productName = ARCHITEC_ARQ;
			productReference = 8E178C821CE5AB7F00E5C240 /* mvpSwift.app */;
			productType = "com.apple.product-type.application";
		};
/* End PBXNativeTarget section */

/* Begin PBXProject section */
		8E178C7A1CE5AB7E00E5C240 /* Project object */ = {
			isa = PBXProject;
			attributes = {
				LastSwiftUpdateCheck = 0730;
				LastUpgradeCheck = 0730;
				ORGANIZATIONNAME = kibo;
				TargetAttributes = {
					8E178C811CE5AB7F00E5C240 = {
						CreatedOnToolsVersion = 7.3.1;
					};
				};
			};
			buildConfigurationList = 8E178C7D1CE5AB7E00E5C240 /* Build configuration list for PBXProject "mvpSwift" */;
			compatibilityVersion = "Xcode 3.2";
			developmentRegion = English;
			hasScannedForEncodings = 0;
			knownRegions = (
				en,
				Base,
			);
			mainGroup = 8E178C791CE5AB7E00E5C240;
			productRefGroup = 8E178C831CE5AB7F00E5C240 /* Products */;
			projectDirPath = "";
			projectRoot = "";
			targets = (
				8E178C811CE5AB7F00E5C240 /* mvpSwift */,
			);
		};
/* End PBXProject section */

/* Begin PBXResourcesBuildPhase section */
		8E178C801CE5AB7F00E5C240 /* Resources */ = {
			isa = PBXResourcesBuildPhase;
			buildActionMask = 2147483647;
			files = (
				8E178C901CE5AB7F00E5C240 /* LaunchScreen.storyboard in Resources */,
				8EEC7DDE1CF0618900CF5FDC /* GoogleService-Info.plist in Resources */,
				8E178C8D1CE5AB7F00E5C240 /* Assets.xcassets in Resources */,
				8E178C8B1CE5AB7F00E5C240 /* Main.storyboard in Resources */,
			);
			runOnlyForDeploymentPostprocessing = 0;
		};
/* End PBXResourcesBuildPhase section */

/* Begin PBXShellScriptBuildPhase section */
		1BD7F15EBEC49F2B86BD8303 /* 📦 Copy Pods Resources */ = {
			isa = PBXShellScriptBuildPhase;
			buildActionMask = 2147483647;
			files = (
			);
			inputPaths = (
			);
			name = "📦 Copy Pods Resources";
			outputPaths = (
			);
			runOnlyForDeploymentPostprocessing = 0;
			shellPath = /bin/sh;
			shellScript = "\"${SRCROOT}/Pods/Target Support Files/Pods-mvpSwift/Pods-mvpSwift-resources.sh\"\n";
			showEnvVarsInLog = 0;
		};
		A6218656EDA31860BEB2DEBD /* 📦 Check Pods Manifest.lock */ = {
			isa = PBXShellScriptBuildPhase;
			buildActionMask = 2147483647;
			files = (
			);
			inputPaths = (
			);
			name = "📦 Check Pods Manifest.lock";
			outputPaths = (
			);
			runOnlyForDeploymentPostprocessing = 0;
			shellPath = /bin/sh;
			shellScript = "diff \"${PODS_ROOT}/../Podfile.lock\" \"${PODS_ROOT}/Manifest.lock\" > /dev/null\nif [[ $? != 0 ]] ; then\n    cat << EOM\nerror: The sandbox is not in sync with the Podfile.lock. Run 'pod install' or update your CocoaPods installation.\nEOM\n    exit 1\nfi\n";
			showEnvVarsInLog = 0;
		};
		ACF4441229634431E14E65FA /* 📦 Embed Pods Frameworks */ = {
			isa = PBXShellScriptBuildPhase;
			buildActionMask = 2147483647;
			files = (
			);
			inputPaths = (
			);
			name = "📦 Embed Pods Frameworks";
			outputPaths = (
			);
			runOnlyForDeploymentPostprocessing = 0;
			shellPath = /bin/sh;
			shellScript = "\"${SRCROOT}/Pods/Target Support Files/Pods-mvpSwift/Pods-mvpSwift-frameworks.sh\"\n";
			showEnvVarsInLog = 0;
		};
/* End PBXShellScriptBuildPhase section */

/* Begin PBXSourcesBuildPhase section */
		8E178C7E1CE5AB7F00E5C240 /* Sources */ = {
			isa = PBXSourcesBuildPhase;
			buildActionMask = 2147483647;
			files = (
				8EEC7DD41CEFA75200CF5FDC /* RestManager.swift in Sources */,
				8EEC7DE31CF1AB2600CF5FDC /* String.swift in Sources */,
				8E178C881CE5AB7F00E5C240 /* LoginController.swift in Sources */,
				8EEAFD4A1CEF429700B42848 /* LoginUseCase.swift in Sources */,
				8EEAFD481CEF419A00B42848 /* LoginView.swift in Sources */,
				8E178C861CE5AB7F00E5C240 /* AppDelegate.swift in Sources */,
				8EEC7DD91CF05D6100CF5FDC /* FireBaseRepository.swift in Sources */,
				8EEC7DDC1CF05EC500CF5FDC /* IFireBaseRepository.swift in Sources */,
				8EEC7DD61CEFA7D000CF5FDC /* RestConfig.swift in Sources */,
				8EEAFD501CEF590B00B42848 /* User.swift in Sources */,
				8EEAFD4E1CEF435900B42848 /* CallbackLogin.swift in Sources */,
				8EEAFD461CEF415500B42848 /* LoginPresenter.swift in Sources */,
				8EEAFD4C1CEF430600B42848 /* DataRepository.swift in Sources */,
			);
			runOnlyForDeploymentPostprocessing = 0;
		};
/* End PBXSourcesBuildPhase section */

/* Begin PBXVariantGroup section */
		8E178C891CE5AB7F00E5C240 /* Main.storyboard */ = {
			isa = PBXVariantGroup;
			children = (
				8E178C8A1CE5AB7F00E5C240 /* Base */,
			);
			name = Main.storyboard;
			sourceTree = "<group>";
		};
		8E178C8E1CE5AB7F00E5C240 /* LaunchScreen.storyboard */ = {
			isa = PBXVariantGroup;
			children = (
				8E178C8F1CE5AB7F00E5C240 /* Base */,
			);
			name = LaunchScreen.storyboard;
			sourceTree = "<group>";
		};
/* End PBXVariantGroup section */

/* Begin XCBuildConfiguration section */
		8E178C921CE5AB7F00E5C240 /* Debug */ = {
			isa = XCBuildConfiguration;
			buildSettings = {
				ALWAYS_SEARCH_USER_PATHS = NO;
				CLANG_ANALYZER_NONNULL = YES;
				CLANG_CXX_LANGUAGE_STANDARD = "gnu++0x";
				CLANG_CXX_LIBRARY = "libc++";
				CLANG_ENABLE_MODULES = YES;
				CLANG_ENABLE_OBJC_ARC = YES;
				CLANG_WARN_BOOL_CONVERSION = YES;
				CLANG_WARN_CONSTANT_CONVERSION = YES;
				CLANG_WARN_DIRECT_OBJC_ISA_USAGE = YES_ERROR;
				CLANG_WARN_EMPTY_BODY = YES;
				CLANG_WARN_ENUM_CONVERSION = YES;
				CLANG_WARN_INT_CONVERSION = YES;
				CLANG_WARN_OBJC_ROOT_CLASS = YES_ERROR;
				CLANG_WARN_UNREACHABLE_CODE = YES;
				CLANG_WARN__DUPLICATE_METHOD_MATCH = YES;
				"CODE_SIGN_IDENTITY[sdk=iphoneos*]" = "iPhone Developer";
				COPY_PHASE_STRIP = NO;
				DEBUG_INFORMATION_FORMAT = dwarf;
				ENABLE_STRICT_OBJC_MSGSEND = YES;
				ENABLE_TESTABILITY = YES;
				GCC_C_LANGUAGE_STANDARD = gnu99;
				GCC_DYNAMIC_NO_PIC = NO;
				GCC_NO_COMMON_BLOCKS = YES;
				GCC_OPTIMIZATION_LEVEL = 0;
				GCC_PREPROCESSOR_DEFINITIONS = (
					"DEBUG=1",
					"$(inherited)",
				);
				GCC_WARN_64_TO_32_BIT_CONVERSION = YES;
				GCC_WARN_ABOUT_RETURN_TYPE = YES_ERROR;
				GCC_WARN_UNDECLARED_SELECTOR = YES;
				GCC_WARN_UNINITIALIZED_AUTOS = YES_AGGRESSIVE;
				GCC_WARN_UNUSED_FUNCTION = YES;
				GCC_WARN_UNUSED_VARIABLE = YES;
				IPHONEOS_DEPLOYMENT_TARGET = 9.3;
				MTL_ENABLE_DEBUG_INFO = YES;
				ONLY_ACTIVE_ARCH = YES;
				SDKROOT = iphoneos;
				SWIFT_OPTIMIZATION_LEVEL = "-Onone";
			};
			name = Debug;
		};
		8E178C931CE5AB7F00E5C240 /* Release */ = {
			isa = XCBuildConfiguration;
			buildSettings = {
				ALWAYS_SEARCH_USER_PATHS = NO;
				CLANG_ANALYZER_NONNULL = YES;
				CLANG_CXX_LANGUAGE_STANDARD = "gnu++0x";
				CLANG_CXX_LIBRARY = "libc++";
				CLANG_ENABLE_MODULES = YES;
				CLANG_ENABLE_OBJC_ARC = YES;
				CLANG_WARN_BOOL_CONVERSION = YES;
				CLANG_WARN_CONSTANT_CONVERSION = YES;
				CLANG_WARN_DIRECT_OBJC_ISA_USAGE = YES_ERROR;
				CLANG_WARN_EMPTY_BODY = YES;
				CLANG_WARN_ENUM_CONVERSION = YES;
				CLANG_WARN_INT_CONVERSION = YES;
				CLANG_WARN_OBJC_ROOT_CLASS = YES_ERROR;
				CLANG_WARN_UNREACHABLE_CODE = YES;
				CLANG_WARN__DUPLICATE_METHOD_MATCH = YES;
				"CODE_SIGN_IDENTITY[sdk=iphoneos*]" = "iPhone Developer";
				COPY_PHASE_STRIP = NO;
				DEBUG_INFORMATION_FORMAT = "dwarf-with-dsym";
				ENABLE_NS_ASSERTIONS = NO;
				ENABLE_STRICT_OBJC_MSGSEND = YES;
				GCC_C_LANGUAGE_STANDARD = gnu99;
				GCC_NO_COMMON_BLOCKS = YES;
				GCC_WARN_64_TO_32_BIT_CONVERSION = YES;
				GCC_WARN_ABOUT_RETURN_TYPE = YES_ERROR;
				GCC_WARN_UNDECLARED_SELECTOR = YES;
				GCC_WARN_UNINITIALIZED_AUTOS = YES_AGGRESSIVE;
				GCC_WARN_UNUSED_FUNCTION = YES;
				GCC_WARN_UNUSED_VARIABLE = YES;
				IPHONEOS_DEPLOYMENT_TARGET = 9.3;
				MTL_ENABLE_DEBUG_INFO = NO;
				SDKROOT = iphoneos;
				VALIDATE_PRODUCT = YES;
			};
			name = Release;
		};
		8E178C951CE5AB7F00E5C240 /* Debug */ = {
			isa = XCBuildConfiguration;
			baseConfigurationReference = 6B794FA8B9F9198A4D44C747 /* Pods-mvpSwift.debug.xcconfig */;
			buildSettings = {
				ASSETCATALOG_COMPILER_APPICON_NAME = AppIcon;
				INFOPLIST_FILE = "$(SRCROOT)/MVPSwift/Info.plist";
				LD_RUNPATH_SEARCH_PATHS = "$(inherited) @executable_path/Frameworks";
				PRODUCT_BUNDLE_IDENTIFIER = com.antocara.mvpSwift;
				PRODUCT_NAME = mvpSwift;
			};
			name = Debug;
		};
		8E178C961CE5AB7F00E5C240 /* Release */ = {
			isa = XCBuildConfiguration;
			baseConfigurationReference = 7480828E0E273510B5FD5486 /* Pods-mvpSwift.release.xcconfig */;
			buildSettings = {
				ASSETCATALOG_COMPILER_APPICON_NAME = AppIcon;
				INFOPLIST_FILE = "$(SRCROOT)/MVPSwift/Info.plist";
				LD_RUNPATH_SEARCH_PATHS = "$(inherited) @executable_path/Frameworks";
				PRODUCT_BUNDLE_IDENTIFIER = com.antocara.mvpSwift;
				PRODUCT_NAME = mvpSwift;
			};
			name = Release;
		};
/* End XCBuildConfiguration section */

/* Begin XCConfigurationList section */
		8E178C7D1CE5AB7E00E5C240 /* Build configuration list for PBXProject "mvpSwift" */ = {
			isa = XCConfigurationList;
			buildConfigurations = (
				8E178C921CE5AB7F00E5C240 /* Debug */,
				8E178C931CE5AB7F00E5C240 /* Release */,
			);
			defaultConfigurationIsVisible = 0;
			defaultConfigurationName = Release;
		};
		8E178C941CE5AB7F00E5C240 /* Build configuration list for PBXNativeTarget "mvpSwift" */ = {
			isa = XCConfigurationList;
			buildConfigurations = (
				8E178C951CE5AB7F00E5C240 /* Debug */,
				8E178C961CE5AB7F00E5C240 /* Release */,
			);
			defaultConfigurationIsVisible = 0;
			defaultConfigurationName = Release;
		};
/* End XCConfigurationList section */
	};
	rootObject = 8E178C7A1CE5AB7E00E5C240 /* Project object */;
}
